// !$*UTF8*$!
{
	archiveVersion = 1;
	classes = {
	};
	objectVersion = 55;
	objects = {

/* Begin PBXBuildFile section */
		781AA80E27247B5F00B730CF /* AppDelegate.swift in Sources */ = {isa = PBXBuildFile; fileRef = 781AA80D27247B5F00B730CF /* AppDelegate.swift */; };
		781AA81027247B5F00B730CF /* SceneDelegate.swift in Sources */ = {isa = PBXBuildFile; fileRef = 781AA80F27247B5F00B730CF /* SceneDelegate.swift */; };
		781AA81527247B5F00B730CF /* Main.storyboard in Resources */ = {isa = PBXBuildFile; fileRef = 781AA81327247B5F00B730CF /* Main.storyboard */; };
		781AA81727247B5F00B730CF /* Assets.xcassets in Resources */ = {isa = PBXBuildFile; fileRef = 781AA81627247B5F00B730CF /* Assets.xcassets */; };
		781AA81A27247B5F00B730CF /* LaunchScreen.storyboard in Resources */ = {isa = PBXBuildFile; fileRef = 781AA81827247B5F00B730CF /* LaunchScreen.storyboard */; };
		782A494D2730DA0700A9257D /* PaddingTextField.swift in Sources */ = {isa = PBXBuildFile; fileRef = 782A494C2730DA0700A9257D /* PaddingTextField.swift */; };
		782F5A6327340A1700BF4E41 /* SignupViewController.swift in Sources */ = {isa = PBXBuildFile; fileRef = 782F5A6227340A1700BF4E41 /* SignupViewController.swift */; };
		786D4DC0273636840045D190 /* CustomInputView.xib in Resources */ = {isa = PBXBuildFile; fileRef = 786D4DBF273636840045D190 /* CustomInputView.xib */; };
		786D4DC22736369C0045D190 /* CustomInputView.swift in Sources */ = {isa = PBXBuildFile; fileRef = 786D4DC12736369C0045D190 /* CustomInputView.swift */; };
		788C47D1272EE94500DD395F /* ForgetPasswordViewController.swift in Sources */ = {isa = PBXBuildFile; fileRef = 788C47D0272EE94500DD395F /* ForgetPasswordViewController.swift */; };
		78C6595627351B840067DB18 /* SignInViewController.swift in Sources */ = {isa = PBXBuildFile; fileRef = 78C6595527351B840067DB18 /* SignInViewController.swift */; };
/* End PBXBuildFile section */

/* Begin PBXFileReference section */
		781AA80A27247B5F00B730CF /* login screen.app */ = {isa = PBXFileReference; explicitFileType = wrapper.application; includeInIndex = 0; path = "login screen.app"; sourceTree = BUILT_PRODUCTS_DIR; };
		781AA80D27247B5F00B730CF /* AppDelegate.swift */ = {isa = PBXFileReference; lastKnownFileType = sourcecode.swift; path = AppDelegate.swift; sourceTree = "<group>"; };
		781AA80F27247B5F00B730CF /* SceneDelegate.swift */ = {isa = PBXFileReference; lastKnownFileType = sourcecode.swift; path = SceneDelegate.swift; sourceTree = "<group>"; };
		781AA81427247B5F00B730CF /* Base */ = {isa = PBXFileReference; lastKnownFileType = file.storyboard; name = Base; path = Base.lproj/Main.storyboard; sourceTree = "<group>"; };
		781AA81627247B5F00B730CF /* Assets.xcassets */ = {isa = PBXFileReference; lastKnownFileType = folder.assetcatalog; path = Assets.xcassets; sourceTree = "<group>"; };
		781AA81927247B5F00B730CF /* Base */ = {isa = PBXFileReference; lastKnownFileType = file.storyboard; name = Base; path = Base.lproj/LaunchScreen.storyboard; sourceTree = "<group>"; };
		781AA81B27247B5F00B730CF /* Info.plist */ = {isa = PBXFileReference; lastKnownFileType = text.plist.xml; path = Info.plist; sourceTree = "<group>"; };
		782A494C2730DA0700A9257D /* PaddingTextField.swift */ = {isa = PBXFileReference; lastKnownFileType = sourcecode.swift; path = PaddingTextField.swift; sourceTree = "<group>"; };
		782F5A6227340A1700BF4E41 /* SignupViewController.swift */ = {isa = PBXFileReference; lastKnownFileType = sourcecode.swift; path = SignupViewController.swift; sourceTree = "<group>"; };
		786D4DBF273636840045D190 /* CustomInputView.xib */ = {isa = PBXFileReference; lastKnownFileType = file.xib; path = CustomInputView.xib; sourceTree = "<group>"; };
		786D4DC12736369C0045D190 /* CustomInputView.swift */ = {isa = PBXFileReference; lastKnownFileType = sourcecode.swift; path = CustomInputView.swift; sourceTree = "<group>"; };
		788C47D0272EE94500DD395F /* ForgetPasswordViewController.swift */ = {isa = PBXFileReference; lastKnownFileType = sourcecode.swift; path = ForgetPasswordViewController.swift; sourceTree = "<group>"; };
		78C6595527351B840067DB18 /* SignInViewController.swift */ = {isa = PBXFileReference; lastKnownFileType = sourcecode.swift; path = SignInViewController.swift; sourceTree = "<group>"; };
/* End PBXFileReference section */

/* Begin PBXFrameworksBuildPhase section */
		781AA80727247B5F00B730CF /* Frameworks */ = {
			isa = PBXFrameworksBuildPhase;
			buildActionMask = 2147483647;
			files = (
			);
			runOnlyForDeploymentPostprocessing = 0;
		};
/* End PBXFrameworksBuildPhase section */

/* Begin PBXGroup section */
		781AA80127247B5F00B730CF = {
			isa = PBXGroup;
			children = (
				781AA80C27247B5F00B730CF /* login screen */,
				781AA80B27247B5F00B730CF /* Products */,
			);
			sourceTree = "<group>";
		};
		781AA80B27247B5F00B730CF /* Products */ = {
			isa = PBXGroup;
			children = (
				781AA80A27247B5F00B730CF /* login screen.app */,
			);
			name = Products;
			sourceTree = "<group>";
		};
		781AA80C27247B5F00B730CF /* login screen */ = {
			isa = PBXGroup;
			children = (
				781AA80D27247B5F00B730CF /* AppDelegate.swift */,
				781AA80F27247B5F00B730CF /* SceneDelegate.swift */,
				783F88572735936B00C8CE47 /* Authentication */,
				782A494B2730D9BC00A9257D /* extensions */,
				781AA81327247B5F00B730CF /* Main.storyboard */,
				781AA81627247B5F00B730CF /* Assets.xcassets */,
				781AA81827247B5F00B730CF /* LaunchScreen.storyboard */,
				781AA81B27247B5F00B730CF /* Info.plist */,
			);
			path = "login screen";
			sourceTree = "<group>";
		};
		782A494B2730D9BC00A9257D /* extensions */ = {
			isa = PBXGroup;
			children = (
				782A494C2730DA0700A9257D /* PaddingTextField.swift */,
			);
			path = extensions;
			sourceTree = "<group>";
		};
		783F88572735936B00C8CE47 /* Authentication */ = {
			isa = PBXGroup;
			children = (
				78D33EA8273631830020BD6B /* Views */,
				78D33EA92736318D0020BD6B /* Controllers */,
			);
			path = Authentication;
			sourceTree = "<group>";
		};
		78D33EA8273631830020BD6B /* Views */ = {
			isa = PBXGroup;
			children = (
				786D4DBF273636840045D190 /* CustomInputView.xib */,
				786D4DC12736369C0045D190 /* CustomInputView.swift */,
			);
			path = Views;
			sourceTree = "<group>";
		};
		78D33EA92736318D0020BD6B /* Controllers */ = {
			isa = PBXGroup;
			children = (
				78C6595527351B840067DB18 /* SignInViewController.swift */,
				788C47D0272EE94500DD395F /* ForgetPasswordViewController.swift */,
				782F5A6227340A1700BF4E41 /* SignupViewController.swift */,
			);
			path = Controllers;
			sourceTree = "<group>";
		};
/* End PBXGroup section */

/* Begin PBXNativeTarget section */
		781AA80927247B5F00B730CF /* login screen */ = {
			isa = PBXNativeTarget;
			buildConfigurationList = 781AA81E27247B5F00B730CF /* Build configuration list for PBXNativeTarget "login screen" */;
			buildPhases = (
				781AA80627247B5F00B730CF /* Sources */,
				781AA80727247B5F00B730CF /* Frameworks */,
				781AA80827247B5F00B730CF /* Resources */,
			);
			buildRules = (
			);
			dependencies = (
			);
			name = "login screen";
			productName = "login screen";
			productReference = 781AA80A27247B5F00B730CF /* login screen.app */;
			productType = "com.apple.product-type.application";
		};
/* End PBXNativeTarget section */

/* Begin PBXProject section */
		781AA80227247B5F00B730CF /* Project object */ = {
			isa = PBXProject;
			attributes = {
				BuildIndependentTargetsInParallel = 1;
				LastSwiftUpdateCheck = 1300;
				LastUpgradeCheck = 1300;
				TargetAttributes = {
					781AA80927247B5F00B730CF = {
						CreatedOnToolsVersion = 13.0;
					};
				};
			};
			buildConfigurationList = 781AA80527247B5F00B730CF /* Build configuration list for PBXProject "login screen" */;
			compatibilityVersion = "Xcode 13.0";
			developmentRegion = en;
			hasScannedForEncodings = 0;
			knownRegions = (
				en,
				Base,
			);
			mainGroup = 781AA80127247B5F00B730CF;
			productRefGroup = 781AA80B27247B5F00B730CF /* Products */;
			projectDirPath = "";
			projectRoot = "";
			targets = (
				781AA80927247B5F00B730CF /* login screen */,
			);
		};
/* End PBXProject section */

/* Begin PBXResourcesBuildPhase section */
		781AA80827247B5F00B730CF /* Resources */ = {
			isa = PBXResourcesBuildPhase;
			buildActionMask = 2147483647;
			files = (
				781AA81A27247B5F00B730CF /* LaunchScreen.storyboard in Resources */,
				781AA81727247B5F00B730CF /* Assets.xcassets in Resources */,
				786D4DC0273636840045D190 /* CustomInputView.xib in Resources */,
				781AA81527247B5F00B730CF /* Main.storyboard in Resources */,
			);
			runOnlyForDeploymentPostprocessing = 0;
		};
/* End PBXResourcesBuildPhase section */

/* Begin PBXSourcesBuildPhase section */
		781AA80627247B5F00B730CF /* Sources */ = {
			isa = PBXSourcesBuildPhase;
			buildActionMask = 2147483647;
			files = (
				78C6595627351B840067DB18 /* SignInViewController.swift in Sources */,
				782F5A6327340A1700BF4E41 /* SignupViewController.swift in Sources */,
				782A494D2730DA0700A9257D /* PaddingTextField.swift in Sources */,
				781AA80E27247B5F00B730CF /* AppDelegate.swift in Sources */,
				781AA81027247B5F00B730CF /* SceneDelegate.swift in Sources */,
				788C47D1272EE94500DD395F /* ForgetPasswordViewController.swift in Sources */,
				786D4DC22736369C0045D190 /* CustomInputView.swift in Sources */,
			);
			runOnlyForDeploymentPostprocessing = 0;
		};
/* End PBXSourcesBuildPhase section */

/* Begin PBXVariantGroup section */
		781AA81327247B5F00B730CF /* Main.storyboard */ = {
			isa = PBXVariantGroup;
			children = (
				781AA81427247B5F00B730CF /* Base */,
			);
			name = Main.storyboard;
			sourceTree = "<group>";
		};
		781AA81827247B5F00B730CF /* LaunchScreen.storyboard */ = {
			isa = PBXVariantGroup;
			children = (
				781AA81927247B5F00B730CF /* Base */,
			);
			name = LaunchScreen.storyboard;
			sourceTree = "<group>";
		};
/* End PBXVariantGroup section */

/* Begin XCBuildConfiguration section */
		781AA81C27247B5F00B730CF /* Debug */ = {
			isa = XCBuildConfiguration;
			buildSettings = {
				ALWAYS_SEARCH_USER_PATHS = NO;
				CLANG_ANALYZER_NONNULL = YES;
				CLANG_ANALYZER_NUMBER_OBJECT_CONVERSION = YES_AGGRESSIVE;
				CLANG_CXX_LANGUAGE_STANDARD = "gnu++17";
				CLANG_CXX_LIBRARY = "libc++";
				CLANG_ENABLE_MODULES = YES;
				CLANG_ENABLE_OBJC_ARC = YES;
				CLANG_ENABLE_OBJC_WEAK = YES;
				CLANG_WARN_BLOCK_CAPTURE_AUTORELEASING = YES;
				CLANG_WARN_BOOL_CONVERSION = YES;
				CLANG_WARN_COMMA = YES;
				CLANG_WARN_CONSTANT_CONVERSION = YES;
				CLANG_WARN_DEPRECATED_OBJC_IMPLEMENTATIONS = YES;
				CLANG_WARN_DIRECT_OBJC_ISA_USAGE = YES_ERROR;
				CLANG_WARN_DOCUMENTATION_COMMENTS = YES;
				CLANG_WARN_EMPTY_BODY = YES;
				CLANG_WARN_ENUM_CONVERSION = YES;
				CLANG_WARN_INFINITE_RECURSION = YES;
				CLANG_WARN_INT_CONVERSION = YES;
				CLANG_WARN_NON_LITERAL_NULL_CONVERSION = YES;
				CLANG_WARN_OBJC_IMPLICIT_RETAIN_SELF = YES;
				CLANG_WARN_OBJC_LITERAL_CONVERSION = YES;
				CLANG_WARN_OBJC_ROOT_CLASS = YES_ERROR;
				CLANG_WARN_QUOTED_INCLUDE_IN_FRAMEWORK_HEADER = YES;
				CLANG_WARN_RANGE_LOOP_ANALYSIS = YES;
				CLANG_WARN_STRICT_PROTOTYPES = YES;
				CLANG_WARN_SUSPICIOUS_MOVE = YES;
				CLANG_WARN_UNGUARDED_AVAILABILITY = YES_AGGRESSIVE;
				CLANG_WARN_UNREACHABLE_CODE = YES;
				CLANG_WARN__DUPLICATE_METHOD_MATCH = YES;
				COPY_PHASE_STRIP = NO;
				DEBUG_INFORMATION_FORMAT = dwarf;
				ENABLE_STRICT_OBJC_MSGSEND = YES;
				ENABLE_TESTABILITY = YES;
				GCC_C_LANGUAGE_STANDARD = gnu11;
				GCC_DYNAMIC_NO_PIC = NO;
				GCC_NO_COMMON_BLOCKS = YES;
				GCC_OPTIMIZATION_LEVEL = 0;
				GCC_PREPROCESSOR_DEFINITIONS = (
					"DEBUG=1",
					"$(inherited)",
				);
				GCC_WARN_64_TO_32_BIT_CONVERSION = YES;
				GCC_WARN_ABOUT_RETURN_TYPE = YES_ERROR;
				GCC_WARN_UNDECLARED_SELECTOR = YES;
				GCC_WARN_UNINITIALIZED_AUTOS = YES_AGGRESSIVE;
				GCC_WARN_UNUSED_FUNCTION = YES;
				GCC_WARN_UNUSED_VARIABLE = YES;
				IPHONEOS_DEPLOYMENT_TARGET = 15.0;
				MTL_ENABLE_DEBUG_INFO = INCLUDE_SOURCE;
				MTL_FAST_MATH = YES;
				ONLY_ACTIVE_ARCH = YES;
				SDKROOT = iphoneos;
				SWIFT_ACTIVE_COMPILATION_CONDITIONS = DEBUG;
				SWIFT_OPTIMIZATION_LEVEL = "-Onone";
			};
			name = Debug;
		};
		781AA81D27247B5F00B730CF /* Release */ = {
			isa = XCBuildConfiguration;
			buildSettings = {
				ALWAYS_SEARCH_USER_PATHS = NO;
				CLANG_ANALYZER_NONNULL = YES;
				CLANG_ANALYZER_NUMBER_OBJECT_CONVERSION = YES_AGGRESSIVE;
				CLANG_CXX_LANGUAGE_STANDARD = "gnu++17";
				CLANG_CXX_LIBRARY = "libc++";
				CLANG_ENABLE_MODULES = YES;
				CLANG_ENABLE_OBJC_ARC = YES;
				CLANG_ENABLE_OBJC_WEAK = YES;
				CLANG_WARN_BLOCK_CAPTURE_AUTORELEASING = YES;
				CLANG_WARN_BOOL_CONVERSION = YES;
				CLANG_WARN_COMMA = YES;
				CLANG_WARN_CONSTANT_CONVERSION = YES;
				CLANG_WARN_DEPRECATED_OBJC_IMPLEMENTATIONS = YES;
				CLANG_WARN_DIRECT_OBJC_ISA_USAGE = YES_ERROR;
				CLANG_WARN_DOCUMENTATION_COMMENTS = YES;
				CLANG_WARN_EMPTY_BODY = YES;
				CLANG_WARN_ENUM_CONVERSION = YES;
				CLANG_WARN_INFINITE_RECURSION = YES;
				CLANG_WARN_INT_CONVERSION = YES;
				CLANG_WARN_NON_LITERAL_NULL_CONVERSION = YES;
				CLANG_WARN_OBJC_IMPLICIT_RETAIN_SELF = YES;
				CLANG_WARN_OBJC_LITERAL_CONVERSION = YES;
				CLANG_WARN_OBJC_ROOT_CLASS = YES_ERROR;
				CLANG_WARN_QUOTED_INCLUDE_IN_FRAMEWORK_HEADER = YES;
				CLANG_WARN_RANGE_LOOP_ANALYSIS = YES;
				CLANG_WARN_STRICT_PROTOTYPES = YES;
				CLANG_WARN_SUSPICIOUS_MOVE = YES;
				CLANG_WARN_UNGUARDED_AVAILABILITY = YES_AGGRESSIVE;
				CLANG_WARN_UNREACHABLE_CODE = YES;
				CLANG_WARN__DUPLICATE_METHOD_MATCH = YES;
				COPY_PHASE_STRIP = NO;
				DEBUG_INFORMATION_FORMAT = "dwarf-with-dsym";
				ENABLE_NS_ASSERTIONS = NO;
				ENABLE_STRICT_OBJC_MSGSEND = YES;
				GCC_C_LANGUAGE_STANDARD = gnu11;
				GCC_NO_COMMON_BLOCKS = YES;
				GCC_WARN_64_TO_32_BIT_CONVERSION = YES;
				GCC_WARN_ABOUT_RETURN_TYPE = YES_ERROR;
				GCC_WARN_UNDECLARED_SELECTOR = YES;
				GCC_WARN_UNINITIALIZED_AUTOS = YES_AGGRESSIVE;
				GCC_WARN_UNUSED_FUNCTION = YES;
				GCC_WARN_UNUSED_VARIABLE = YES;
				IPHONEOS_DEPLOYMENT_TARGET = 15.0;
				MTL_ENABLE_DEBUG_INFO = NO;
				MTL_FAST_MATH = YES;
				SDKROOT = iphoneos;
				SWIFT_COMPILATION_MODE = wholemodule;
				SWIFT_OPTIMIZATION_LEVEL = "-O";
				VALIDATE_PRODUCT = YES;
			};
			name = Release;
		};
		781AA81F27247B5F00B730CF /* Debug */ = {
			isa = XCBuildConfiguration;
			buildSettings = {
				ASSETCATALOG_COMPILER_APPICON_NAME = AppIcon;
				ASSETCATALOG_COMPILER_GLOBAL_ACCENT_COLOR_NAME = AccentColor;
				CODE_SIGN_STYLE = Automatic;
				CURRENT_PROJECT_VERSION = 1;
				DEVELOPMENT_TEAM = CS7G457MRL;
				GENERATE_INFOPLIST_FILE = YES;
				INFOPLIST_FILE = "login screen/Info.plist";
				INFOPLIST_KEY_UIApplicationSupportsIndirectInputEvents = YES;
				INFOPLIST_KEY_UILaunchStoryboardName = LaunchScreen;
				INFOPLIST_KEY_UIMainStoryboardFile = Main;
				INFOPLIST_KEY_UISupportedInterfaceOrientations_iPad = "UIInterfaceOrientationPortrait UIInterfaceOrientationPortraitUpsideDown UIInterfaceOrientationLandscapeLeft UIInterfaceOrientationLandscapeRight";
				INFOPLIST_KEY_UISupportedInterfaceOrientations_iPhone = "UIInterfaceOrientationPortrait UIInterfaceOrientationLandscapeLeft UIInterfaceOrientationLandscapeRight";
				LD_RUNPATH_SEARCH_PATHS = (
					"$(inherited)",
					"@executable_path/Frameworks",
				);
				MARKETING_VERSION = 1.0;
				PRODUCT_BUNDLE_IDENTIFIER = "com.pranavdeshpande.login-screen";
				PRODUCT_NAME = "$(TARGET_NAME)";
				SWIFT_EMIT_LOC_STRINGS = YES;
				SWIFT_VERSION = 5.0;
				TARGETED_DEVICE_FAMILY = "1,2";
			};
			name = Debug;
		};
		781AA82027247B5F00B730CF /* Release */ = {
			isa = XCBuildConfiguration;
			buildSettings = {
				ASSETCATALOG_COMPILER_APPICON_NAME = AppIcon;
				ASSETCATALOG_COMPILER_GLOBAL_ACCENT_COLOR_NAME = AccentColor;
				CODE_SIGN_STYLE = Automatic;
				CURRENT_PROJECT_VERSION = 1;
				DEVELOPMENT_TEAM = CS7G457MRL;
				GENERATE_INFOPLIST_FILE = YES;
				INFOPLIST_FILE = "login screen/Info.plist";
				INFOPLIST_KEY_UIApplicationSupportsIndirectInputEvents = YES;
				INFOPLIST_KEY_UILaunchStoryboardName = LaunchScreen;
				INFOPLIST_KEY_UIMainStoryboardFile = Main;
				INFOPLIST_KEY_UISupportedInterfaceOrientations_iPad = "UIInterfaceOrientationPortrait UIInterfaceOrientationPortraitUpsideDown UIInterfaceOrientationLandscapeLeft UIInterfaceOrientationLandscapeRight";
				INFOPLIST_KEY_UISupportedInterfaceOrientations_iPhone = "UIInterfaceOrientationPortrait UIInterfaceOrientationLandscapeLeft UIInterfaceOrientationLandscapeRight";
				LD_RUNPATH_SEARCH_PATHS = (
					"$(inherited)",
					"@executable_path/Frameworks",
				);
				MARKETING_VERSION = 1.0;
				PRODUCT_BUNDLE_IDENTIFIER = "com.pranavdeshpande.login-screen";
				PRODUCT_NAME = "$(TARGET_NAME)";
				SWIFT_EMIT_LOC_STRINGS = YES;
				SWIFT_VERSION = 5.0;
				TARGETED_DEVICE_FAMILY = "1,2";
			};
			name = Release;
		};
/* End XCBuildConfiguration section */

/* Begin XCConfigurationList section */
		781AA80527247B5F00B730CF /* Build configuration list for PBXProject "login screen" */ = {
			isa = XCConfigurationList;
			buildConfigurations = (
				781AA81C27247B5F00B730CF /* Debug */,
				781AA81D27247B5F00B730CF /* Release */,
			);
			defaultConfigurationIsVisible = 0;
			defaultConfigurationName = Release;
		};
		781AA81E27247B5F00B730CF /* Build configuration list for PBXNativeTarget "login screen" */ = {
			isa = XCConfigurationList;
			buildConfigurations = (
				781AA81F27247B5F00B730CF /* Debug */,
				781AA82027247B5F00B730CF /* Release */,
			);
			defaultConfigurationIsVisible = 0;
			defaultConfigurationName = Release;
		};
/* End XCConfigurationList section */
	};
	rootObject = 781AA80227247B5F00B730CF /* Project object */;
}
